// !$*UTF8*$!
{
	archiveVersion = 1;
	classes = {
	};
	objectVersion = 46;
	objects = {

/* Begin PBXBuildFile section */
		F47FD1921C25C723001D16A1 /* AppDelegate.swift in Sources */ = {isa = PBXBuildFile; fileRef = F47FD1911C25C723001D16A1 /* AppDelegate.swift */; };
		F47FD1941C25C723001D16A1 /* Assets.xcassets in Resources */ = {isa = PBXBuildFile; fileRef = F47FD1931C25C723001D16A1 /* Assets.xcassets */; };
		F47FD1971C25C724001D16A1 /* MainMenu.xib in Resources */ = {isa = PBXBuildFile; fileRef = F47FD1951C25C724001D16A1 /* MainMenu.xib */; };
		F49EF0D11C26DDB300993B61 /* KB.swift in Sources */ = {isa = PBXBuildFile; fileRef = F49EF0D01C26DDB300993B61 /* KB.swift */; };
		F49EF0D31C26DDD500993B61 /* Menu.swift in Sources */ = {isa = PBXBuildFile; fileRef = F49EF0D21C26DDD500993B61 /* Menu.swift */; };
/* End PBXBuildFile section */

/* Begin PBXFileReference section */
		F47FD18E1C25C723001D16A1 /* vroom-vroom.app */ = {isa = PBXFileReference; explicitFileType = wrapper.application; includeInIndex = 0; path = "vroom-vroom.app"; sourceTree = BUILT_PRODUCTS_DIR; };
		F47FD1911C25C723001D16A1 /* AppDelegate.swift */ = {isa = PBXFileReference; lastKnownFileType = sourcecode.swift; path = AppDelegate.swift; sourceTree = "<group>"; };
		F47FD1931C25C723001D16A1 /* Assets.xcassets */ = {isa = PBXFileReference; lastKnownFileType = folder.assetcatalog; path = Assets.xcassets; sourceTree = "<group>"; };
		F47FD1961C25C724001D16A1 /* Base */ = {isa = PBXFileReference; lastKnownFileType = file.xib; name = Base; path = Base.lproj/MainMenu.xib; sourceTree = "<group>"; };
		F47FD1981C25C724001D16A1 /* Info.plist */ = {isa = PBXFileReference; lastKnownFileType = text.plist.xml; path = Info.plist; sourceTree = "<group>"; };
		F49EF0D01C26DDB300993B61 /* KB.swift */ = {isa = PBXFileReference; fileEncoding = 4; lastKnownFileType = sourcecode.swift; path = KB.swift; sourceTree = "<group>"; };
		F49EF0D21C26DDD500993B61 /* Menu.swift */ = {isa = PBXFileReference; fileEncoding = 4; lastKnownFileType = sourcecode.swift; path = Menu.swift; sourceTree = "<group>"; };
/* End PBXFileReference section */

/* Begin PBXFrameworksBuildPhase section */
		F47FD18B1C25C723001D16A1 /* Frameworks */ = {
			isa = PBXFrameworksBuildPhase;
			buildActionMask = 2147483647;
			files = (
			);
			runOnlyForDeploymentPostprocessing = 0;
		};
/* End PBXFrameworksBuildPhase section */

/* Begin PBXGroup section */
		F47FD1851C25C723001D16A1 = {
			isa = PBXGroup;
			children = (
				F47FD1901C25C723001D16A1 /* vroom-vroom */,
				F47FD18F1C25C723001D16A1 /* Products */,
			);
			sourceTree = "<group>";
		};
		F47FD18F1C25C723001D16A1 /* Products */ = {
			isa = PBXGroup;
			children = (
				F47FD18E1C25C723001D16A1 /* vroom-vroom.app */,
			);
			name = Products;
			sourceTree = "<group>";
		};
		F47FD1901C25C723001D16A1 /* vroom-vroom */ = {
			isa = PBXGroup;
			children = (
				F47FD1911C25C723001D16A1 /* AppDelegate.swift */,
				F47FD1931C25C723001D16A1 /* Assets.xcassets */,
				F47FD1951C25C724001D16A1 /* MainMenu.xib */,
				F47FD1981C25C724001D16A1 /* Info.plist */,
				F49EF0D01C26DDB300993B61 /* KB.swift */,
				F49EF0D21C26DDD500993B61 /* Menu.swift */,
			);
			name = "vroom-vroom";
			path = "vroom-vroom";
			sourceTree = "<group>";
		};
/* End PBXGroup section */

/* Begin PBXNativeTarget section */
		F47FD18D1C25C723001D16A1 /* vroom-vroom */ = {
			isa = PBXNativeTarget;
			buildConfigurationList = F47FD19B1C25C724001D16A1 /* Build configuration list for PBXNativeTarget "vroom-vroom" */;
			buildPhases = (
				F47FD18A1C25C723001D16A1 /* Sources */,
				F47FD18B1C25C723001D16A1 /* Frameworks */,
				F47FD18C1C25C723001D16A1 /* Resources */,
			);
			buildRules = (
			);
			dependencies = (
			);
			name = "vroom-vroom";
			productName = "vroom-vroom";
			productReference = F47FD18E1C25C723001D16A1 /* vroom-vroom.app */;
			productType = "com.apple.product-type.application";
		};
/* End PBXNativeTarget section */

/* Begin PBXProject section */
		F47FD1861C25C723001D16A1 /* Project object */ = {
			isa = PBXProject;
			attributes = {
				LastSwiftUpdateCheck = 0710;
				LastUpgradeCheck = 0710;
				ORGANIZATIONNAME = "Stephane Bruckert";
				TargetAttributes = {
					F47FD18D1C25C723001D16A1 = {
						CreatedOnToolsVersion = 7.1.1;
					};
				};
			};
			buildConfigurationList = F47FD1891C25C723001D16A1 /* Build configuration list for PBXProject "vroom-vroom" */;
			compatibilityVersion = "Xcode 3.2";
			developmentRegion = English;
			hasScannedForEncodings = 0;
			knownRegions = (
				en,
				Base,
			);
			mainGroup = F47FD1851C25C723001D16A1;
			productRefGroup = F47FD18F1C25C723001D16A1 /* Products */;
			projectDirPath = "";
			projectRoot = "";
			targets = (
				F47FD18D1C25C723001D16A1 /* vroom-vroom */,
			);
		};
/* End PBXProject section */

/* Begin PBXResourcesBuildPhase section */
		F47FD18C1C25C723001D16A1 /* Resources */ = {
			isa = PBXResourcesBuildPhase;
			buildActionMask = 2147483647;
			files = (
				F47FD1941C25C723001D16A1 /* Assets.xcassets in Resources */,
				F47FD1971C25C724001D16A1 /* MainMenu.xib in Resources */,
			);
			runOnlyForDeploymentPostprocessing = 0;
		};
/* End PBXResourcesBuildPhase section */

/* Begin PBXSourcesBuildPhase section */
		F47FD18A1C25C723001D16A1 /* Sources */ = {
			isa = PBXSourcesBuildPhase;
			buildActionMask = 2147483647;
			files = (
				F49EF0D31C26DDD500993B61 /* Menu.swift in Sources */,
				F49EF0D11C26DDB300993B61 /* KB.swift in Sources */,
				F47FD1921C25C723001D16A1 /* AppDelegate.swift in Sources */,
			);
			runOnlyForDeploymentPostprocessing = 0;
		};
/* End PBXSourcesBuildPhase section */

/* Begin PBXVariantGroup section */
		F47FD1951C25C724001D16A1 /* MainMenu.xib */ = {
			isa = PBXVariantGroup;
			children = (
				F47FD1961C25C724001D16A1 /* Base */,
			);
			name = MainMenu.xib;
			sourceTree = "<group>";
		};
/* End PBXVariantGroup section */

/* Begin XCBuildConfiguration section */
		F47FD1991C25C724001D16A1 /* Debug */ = {
			isa = XCBuildConfiguration;
			buildSettings = {
				ALWAYS_SEARCH_USER_PATHS = NO;
				CLANG_CXX_LANGUAGE_STANDARD = "gnu++0x";
				CLANG_CXX_LIBRARY = "libc++";
				CLANG_ENABLE_MODULES = YES;
				CLANG_ENABLE_OBJC_ARC = YES;
				CLANG_WARN_BOOL_CONVERSION = YES;
				CLANG_WARN_CONSTANT_CONVERSION = YES;
				CLANG_WARN_DIRECT_OBJC_ISA_USAGE = YES_ERROR;
				CLANG_WARN_EMPTY_BODY = YES;
				CLANG_WARN_ENUM_CONVERSION = YES;
				CLANG_WARN_INT_CONVERSION = YES;
				CLANG_WARN_OBJC_ROOT_CLASS = YES_ERROR;
				CLANG_WARN_UNREACHABLE_CODE = YES;
				CLANG_WARN__DUPLICATE_METHOD_MATCH = YES;
				CODE_SIGN_IDENTITY = "-";
				COPY_PHASE_STRIP = NO;
				DEBUG_INFORMATION_FORMAT = dwarf;
				ENABLE_STRICT_OBJC_MSGSEND = YES;
				ENABLE_TESTABILITY = YES;
				GCC_C_LANGUAGE_STANDARD = gnu99;
				GCC_DYNAMIC_NO_PIC = NO;
				GCC_NO_COMMON_BLOCKS = YES;
				GCC_OPTIMIZATION_LEVEL = 0;
				GCC_PREPROCESSOR_DEFINITIONS = (
					"DEBUG=1",
					"$(inherited)",
				);
				GCC_WARN_64_TO_32_BIT_CONVERSION = YES;
				GCC_WARN_ABOUT_RETURN_TYPE = YES_ERROR;
				GCC_WARN_UNDECLARED_SELECTOR = YES;
				GCC_WARN_UNINITIALIZED_AUTOS = YES_AGGRESSIVE;
				GCC_WARN_UNUSED_FUNCTION = YES;
				GCC_WARN_UNUSED_VARIABLE = YES;
				MACOSX_DEPLOYMENT_TARGET = 10.11;
				MTL_ENABLE_DEBUG_INFO = YES;
				ONLY_ACTIVE_ARCH = YES;
				SDKROOT = macosx;
				SWIFT_OPTIMIZATION_LEVEL = "-Onone";
			};
			name = Debug;
		};
		F47FD19A1C25C724001D16A1 /* Release */ = {
			isa = XCBuildConfiguration;
			buildSettings = {
				ALWAYS_SEARCH_USER_PATHS = NO;
				CLANG_CXX_LANGUAGE_STANDARD = "gnu++0x";
				CLANG_CXX_LIBRARY = "libc++";
				CLANG_ENABLE_MODULES = YES;
				CLANG_ENABLE_OBJC_ARC = YES;
				CLANG_WARN_BOOL_CONVERSION = YES;
				CLANG_WARN_CONSTANT_CONVERSION = YES;
				CLANG_WARN_DIRECT_OBJC_ISA_USAGE = YES_ERROR;
				CLANG_WARN_EMPTY_BODY = YES;
				CLANG_WARN_ENUM_CONVERSION = YES;
				CLANG_WARN_INT_CONVERSION = YES;
				CLANG_WARN_OBJC_ROOT_CLASS = YES_ERROR;
				CLANG_WARN_UNREACHABLE_CODE = YES;
				CLANG_WARN__DUPLICATE_METHOD_MATCH = YES;
				CODE_SIGN_IDENTITY = "-";
				COPY_PHASE_STRIP = NO;
				DEBUG_INFORMATION_FORMAT = "dwarf-with-dsym";
				ENABLE_NS_ASSERTIONS = NO;
				ENABLE_STRICT_OBJC_MSGSEND = YES;
				GCC_C_LANGUAGE_STANDARD = gnu99;
				GCC_NO_COMMON_BLOCKS = YES;
				GCC_WARN_64_TO_32_BIT_CONVERSION = YES;
				GCC_WARN_ABOUT_RETURN_TYPE = YES_ERROR;
				GCC_WARN_UNDECLARED_SELECTOR = YES;
				GCC_WARN_UNINITIALIZED_AUTOS = YES_AGGRESSIVE;
				GCC_WARN_UNUSED_FUNCTION = YES;
				GCC_WARN_UNUSED_VARIABLE = YES;
				MACOSX_DEPLOYMENT_TARGET = 10.11;
				MTL_ENABLE_DEBUG_INFO = NO;
				SDKROOT = macosx;
			};
			name = Release;
		};
		F47FD19C1C25C724001D16A1 /* Debug */ = {
			isa = XCBuildConfiguration;
			buildSettings = {
				ASSETCATALOG_COMPILER_APPICON_NAME = AppIcon;
				COMBINE_HIDPI_IMAGES = YES;
				INFOPLIST_FILE = "vroom-vroom/Info.plist";
				LD_RUNPATH_SEARCH_PATHS = "$(inherited) @executable_path/../Frameworks";
				PRODUCT_BUNDLE_IDENTIFIER = "sb.vroom-vroom";
				PRODUCT_NAME = "vroom-vroom";
			};
			name = Debug;
		};
		F47FD19D1C25C724001D16A1 /* Release */ = {
			isa = XCBuildConfiguration;
			buildSettings = {
				ASSETCATALOG_COMPILER_APPICON_NAME = AppIcon;
				COMBINE_HIDPI_IMAGES = YES;
				INFOPLIST_FILE = "vroom-vroom/Info.plist";
				LD_RUNPATH_SEARCH_PATHS = "$(inherited) @executable_path/../Frameworks";
				PRODUCT_BUNDLE_IDENTIFIER = "sb.vroom-vroom";
				PRODUCT_NAME = "vroom-vroom";
			};
			name = Release;
		};
/* End XCBuildConfiguration section */

/* Begin XCConfigurationList section */
		F47FD1891C25C723001D16A1 /* Build configuration list for PBXProject "vroom-vroom" */ = {
			isa = XCConfigurationList;
			buildConfigurations = (
				F47FD1991C25C724001D16A1 /* Debug */,
				F47FD19A1C25C724001D16A1 /* Release */,
			);
			defaultConfigurationIsVisible = 0;
			defaultConfigurationName = Release;
		};
		F47FD19B1C25C724001D16A1 /* Build configuration list for PBXNativeTarget "vroom-vroom" */ = {
			isa = XCConfigurationList;
			buildConfigurations = (
				F47FD19C1C25C724001D16A1 /* Debug */,
				F47FD19D1C25C724001D16A1 /* Release */,
			);
			defaultConfigurationIsVisible = 0;
			defaultConfigurationName = Release;
		};
/* End XCConfigurationList section */
	};
	rootObject = F47FD1861C25C723001D16A1 /* Project object */;
}
